
Microsoft Visual Studio Solution File, Format Version 12.00
# Visual Studio Version 17
VisualStudioVersion = 17.4.32912.340
MinimumVisualStudioVersion = 10.0.40219.1
Project("{9A19103F-16F7-4668-BE54-9A1E7A4F7556}") = "ProudTech", "ProudTech.csproj", "{C9E67C91-8919-413E-B66B-685EC02813E5}"
EndProject
Project("{FAE04EC0-301F-11D3-BF4B-00C04F79EFBC}") = "ProudTech.Tests", "..\ProudTech.Tests\ProudTech.Tests.csproj", "{92BEC82D-67F2-4217-B109-8AA630E0AC0E}"
EndProject
Global
	GlobalSection(SolutionConfigurationPlatforms) = preSolution
		Debug|Any CPU = Debug|Any CPU
		Release|Any CPU = Release|Any CPU
	EndGlobalSection
	GlobalSection(ProjectConfigurationPlatforms) = postSolution
		{C9E67C91-8919-413E-B66B-685EC02813E5}.Debug|Any CPU.ActiveCfg = Debug|Any CPU
		{C9E67C91-8919-413E-B66B-685EC02813E5}.Debug|Any CPU.Build.0 = Debug|Any CPU
		{C9E67C91-8919-413E-B66B-685EC02813E5}.Release|Any CPU.ActiveCfg = Release|Any CPU
		{C9E67C91-8919-413E-B66B-685EC02813E5}.Release|Any CPU.Build.0 = Release|Any CPU
		{92BEC82D-67F2-4217-B109-8AA630E0AC0E}.Debug|Any CPU.ActiveCfg = Debug|Any CPU
		{92BEC82D-67F2-4217-B109-8AA630E0AC0E}.Debug|Any CPU.Build.0 = Debug|Any CPU
		{92BEC82D-67F2-4217-B109-8AA630E0AC0E}.Release|Any CPU.ActiveCfg = Release|Any CPU
		{92BEC82D-67F2-4217-B109-8AA630E0AC0E}.Release|Any CPU.Build.0 = Release|Any CPU
	EndGlobalSection
	GlobalSection(SolutionProperties) = preSolution
		HideSolutionNode = FALSE
	EndGlobalSection
	GlobalSection(ExtensibilityGlobals) = postSolution
		SolutionGuid = {DC6B3CDE-40F4-4E89-9ED1-51AB18E02A5B}
	EndGlobalSection
EndGlobal
